// !$*UTF8*$!
{
	archiveVersion = 1;
	classes = {
	};
	objectVersion = 48;
	objects = {

/* Begin PBXBuildFile section */
		4284F764200B36B900310049 /* AsyncSocket.m in Sources */ = {isa = PBXBuildFile; fileRef = 4284F753200B36B800310049 /* AsyncSocket.m */; settings = {COMPILER_FLAGS = "-fno-objc-arc"; }; };
		4284F766200B36B900310049 /* list.m in Sources */ = {isa = PBXBuildFile; fileRef = 4284F758200B36B800310049 /* list.m */; settings = {COMPILER_FLAGS = "-fno-objc-arc"; }; };
		4284F767200B36B900310049 /* FtpServer.m in Sources */ = {isa = PBXBuildFile; fileRef = 4284F75B200B36B800310049 /* FtpServer.m */; settings = {COMPILER_FLAGS = "-fno-objc-arc"; }; };
		4284F769200B36B900310049 /* FtpDataConnection.m in Sources */ = {isa = PBXBuildFile; fileRef = 4284F75E200B36B800310049 /* FtpDataConnection.m */; settings = {COMPILER_FLAGS = "-fno-objc-arc"; }; };
		4284F76A200B36B900310049 /* FtpConnection.m in Sources */ = {isa = PBXBuildFile; fileRef = 4284F761200B36B900310049 /* FtpConnection.m */; settings = {COMPILER_FLAGS = "-fno-objc-arc"; }; };
		4284F76B200B36B900310049 /* NetworkController.m in Sources */ = {isa = PBXBuildFile; fileRef = 4284F763200B36B900310049 /* NetworkController.m */; settings = {COMPILER_FLAGS = "-fno-objc-arc"; }; };
		4284F76D200B36D100310049 /* ftp_commands.plist in Resources */ = {isa = PBXBuildFile; fileRef = 4284F76C200B36D100310049 /* ftp_commands.plist */; };
		42B6333E200915FE00199B89 /* AppDelegate.swift in Sources */ = {isa = PBXBuildFile; fileRef = 42B6333D200915FE00199B89 /* AppDelegate.swift */; };
		42B63340200915FE00199B89 /* ViewController.swift in Sources */ = {isa = PBXBuildFile; fileRef = 42B6333F200915FE00199B89 /* ViewController.swift */; };
		42B63343200915FF00199B89 /* Main.storyboard in Resources */ = {isa = PBXBuildFile; fileRef = 42B63341200915FE00199B89 /* Main.storyboard */; };
		42B63345200915FF00199B89 /* Assets.xcassets in Resources */ = {isa = PBXBuildFile; fileRef = 42B63344200915FF00199B89 /* Assets.xcassets */; };
		42B63348200915FF00199B89 /* LaunchScreen.storyboard in Resources */ = {isa = PBXBuildFile; fileRef = 42B63346200915FF00199B89 /* LaunchScreen.storyboard */; };
/* End PBXBuildFile section */

/* Begin PBXFileReference section */
		4284F753200B36B800310049 /* AsyncSocket.m */ = {isa = PBXFileReference; fileEncoding = 4; lastKnownFileType = sourcecode.c.objc; path = AsyncSocket.m; sourceTree = "<group>"; };
		4284F755200B36B800310049 /* FtpDataConnection.h */ = {isa = PBXFileReference; fileEncoding = 4; lastKnownFileType = sourcecode.c.h; path = FtpDataConnection.h; sourceTree = "<group>"; };
		4284F756200B36B800310049 /* NetworkController.h */ = {isa = PBXFileReference; fileEncoding = 4; lastKnownFileType = sourcecode.c.h; path = NetworkController.h; sourceTree = "<group>"; };
		4284F758200B36B800310049 /* list.m */ = {isa = PBXFileReference; fileEncoding = 4; lastKnownFileType = sourcecode.c.objc; path = list.m; sourceTree = "<group>"; };
		4284F759200B36B800310049 /* FtpServer.h */ = {isa = PBXFileReference; fileEncoding = 4; lastKnownFileType = sourcecode.c.h; path = FtpServer.h; sourceTree = "<group>"; };
		4284F75A200B36B800310049 /* FtpDefines.h */ = {isa = PBXFileReference; fileEncoding = 4; lastKnownFileType = sourcecode.c.h; path = FtpDefines.h; sourceTree = "<group>"; };
		4284F75B200B36B800310049 /* FtpServer.m */ = {isa = PBXFileReference; fileEncoding = 4; lastKnownFileType = sourcecode.c.objc; path = FtpServer.m; sourceTree = "<group>"; };
		4284F75C200B36B800310049 /* FtpConnection.h */ = {isa = PBXFileReference; fileEncoding = 4; lastKnownFileType = sourcecode.c.h; path = FtpConnection.h; sourceTree = "<group>"; };
		4284F75E200B36B800310049 /* FtpDataConnection.m */ = {isa = PBXFileReference; fileEncoding = 4; lastKnownFileType = sourcecode.c.objc; path = FtpDataConnection.m; sourceTree = "<group>"; };
		4284F75F200B36B800310049 /* AsyncSocket.h */ = {isa = PBXFileReference; fileEncoding = 4; lastKnownFileType = sourcecode.c.h; path = AsyncSocket.h; sourceTree = "<group>"; };
		4284F760200B36B900310049 /* list.h */ = {isa = PBXFileReference; fileEncoding = 4; lastKnownFileType = sourcecode.c.h; path = list.h; sourceTree = "<group>"; };
		4284F761200B36B900310049 /* FtpConnection.m */ = {isa = PBXFileReference; fileEncoding = 4; lastKnownFileType = sourcecode.c.objc; path = FtpConnection.m; sourceTree = "<group>"; };
		4284F763200B36B900310049 /* NetworkController.m */ = {isa = PBXFileReference; fileEncoding = 4; lastKnownFileType = sourcecode.c.objc; path = NetworkController.m; sourceTree = "<group>"; };
		4284F76C200B36D100310049 /* ftp_commands.plist */ = {isa = PBXFileReference; fileEncoding = 4; lastKnownFileType = text.plist.xml; path = ftp_commands.plist; sourceTree = "<group>"; };
		42B6333A200915FE00199B89 /* SampleForFTPServer.app */ = {isa = PBXFileReference; explicitFileType = wrapper.application; includeInIndex = 0; path = SampleForFTPServer.app; sourceTree = BUILT_PRODUCTS_DIR; };
		42B6333D200915FE00199B89 /* AppDelegate.swift */ = {isa = PBXFileReference; lastKnownFileType = sourcecode.swift; path = AppDelegate.swift; sourceTree = "<group>"; };
		42B6333F200915FE00199B89 /* ViewController.swift */ = {isa = PBXFileReference; lastKnownFileType = sourcecode.swift; path = ViewController.swift; sourceTree = "<group>"; };
		42B63342200915FE00199B89 /* Base */ = {isa = PBXFileReference; lastKnownFileType = file.storyboard; name = Base; path = Base.lproj/Main.storyboard; sourceTree = "<group>"; };
		42B63344200915FF00199B89 /* Assets.xcassets */ = {isa = PBXFileReference; lastKnownFileType = folder.assetcatalog; path = Assets.xcassets; sourceTree = "<group>"; };
		42B63347200915FF00199B89 /* Base */ = {isa = PBXFileReference; lastKnownFileType = file.storyboard; name = Base; path = Base.lproj/LaunchScreen.storyboard; sourceTree = "<group>"; };
		42B63349200915FF00199B89 /* Info.plist */ = {isa = PBXFileReference; lastKnownFileType = text.plist.xml; path = Info.plist; sourceTree = "<group>"; };
		42B6334F2009162700199B89 /* SampleForFTPServer-Bridging-Header.h */ = {isa = PBXFileReference; lastKnownFileType = sourcecode.c.h; path = "SampleForFTPServer-Bridging-Header.h"; sourceTree = "<group>"; };
/* End PBXFileReference section */

/* Begin PBXFrameworksBuildPhase section */
		42B63337200915FE00199B89 /* Frameworks */ = {
			isa = PBXFrameworksBuildPhase;
			buildActionMask = 2147483647;
			files = (
			);
			runOnlyForDeploymentPostprocessing = 0;
		};
/* End PBXFrameworksBuildPhase section */

/* Begin PBXGroup section */
		4284F752200B369F00310049 /* Ftp Server */ = {
			isa = PBXGroup;
			children = (
				4284F75F200B36B800310049 /* AsyncSocket.h */,
				4284F753200B36B800310049 /* AsyncSocket.m */,
				4284F75C200B36B800310049 /* FtpConnection.h */,
				4284F761200B36B900310049 /* FtpConnection.m */,
				4284F755200B36B800310049 /* FtpDataConnection.h */,
				4284F75E200B36B800310049 /* FtpDataConnection.m */,
				4284F75A200B36B800310049 /* FtpDefines.h */,
				4284F759200B36B800310049 /* FtpServer.h */,
				4284F75B200B36B800310049 /* FtpServer.m */,
				4284F760200B36B900310049 /* list.h */,
				4284F758200B36B800310049 /* list.m */,
				4284F756200B36B800310049 /* NetworkController.h */,
				4284F763200B36B900310049 /* NetworkController.m */,
			);
			name = "Ftp Server";
			path = Classes;
			sourceTree = "<group>";
		};
		42B63331200915FE00199B89 = {
			isa = PBXGroup;
			children = (
				42B6333C200915FE00199B89 /* SampleForFTPServer */,
				42B6333B200915FE00199B89 /* Products */,
			);
			sourceTree = "<group>";
		};
		42B6333B200915FE00199B89 /* Products */ = {
			isa = PBXGroup;
			children = (
				42B6333A200915FE00199B89 /* SampleForFTPServer.app */,
			);
			name = Products;
			sourceTree = "<group>";
		};
		42B6333C200915FE00199B89 /* SampleForFTPServer */ = {
			isa = PBXGroup;
			children = (
				4284F752200B369F00310049 /* Ftp Server */,
				42B6333D200915FE00199B89 /* AppDelegate.swift */,
				42B6333F200915FE00199B89 /* ViewController.swift */,
				42B63341200915FE00199B89 /* Main.storyboard */,
				42B63344200915FF00199B89 /* Assets.xcassets */,
				42B63346200915FF00199B89 /* LaunchScreen.storyboard */,
				42B63349200915FF00199B89 /* Info.plist */,
				4284F76C200B36D100310049 /* ftp_commands.plist */,
				42B6334F2009162700199B89 /* SampleForFTPServer-Bridging-Header.h */,
			);
			path = SampleForFTPServer;
			sourceTree = "<group>";
		};
/* End PBXGroup section */

/* Begin PBXNativeTarget section */
		42B63339200915FE00199B89 /* SampleForFTPServer */ = {
			isa = PBXNativeTarget;
			buildConfigurationList = 42B6334C200915FF00199B89 /* Build configuration list for PBXNativeTarget "SampleForFTPServer" */;
			buildPhases = (
				42B63336200915FE00199B89 /* Sources */,
				42B63337200915FE00199B89 /* Frameworks */,
				42B63338200915FE00199B89 /* Resources */,
			);
			buildRules = (
			);
			dependencies = (
			);
			name = SampleForFTPServer;
			productName = SampleForFTPServer;
			productReference = 42B6333A200915FE00199B89 /* SampleForFTPServer.app */;
			productType = "com.apple.product-type.application";
		};
/* End PBXNativeTarget section */

/* Begin PBXProject section */
		42B63332200915FE00199B89 /* Project object */ = {
			isa = PBXProject;
			attributes = {
				LastSwiftUpdateCheck = 0920;
				LastUpgradeCheck = 0920;
				ORGANIZATIONNAME = "石塚隆一";
				TargetAttributes = {
					42B63339200915FE00199B89 = {
						CreatedOnToolsVersion = 9.2;
						LastSwiftMigration = 0920;
						ProvisioningStyle = Automatic;
					};
				};
			};
			buildConfigurationList = 42B63335200915FE00199B89 /* Build configuration list for PBXProject "SampleForFTPServer" */;
			compatibilityVersion = "Xcode 8.0";
			developmentRegion = en;
			hasScannedForEncodings = 0;
			knownRegions = (
				en,
				Base,
			);
			mainGroup = 42B63331200915FE00199B89;
			productRefGroup = 42B6333B200915FE00199B89 /* Products */;
			projectDirPath = "";
			projectRoot = "";
			targets = (
				42B63339200915FE00199B89 /* SampleForFTPServer */,
			);
		};
/* End PBXProject section */

/* Begin PBXResourcesBuildPhase section */
		42B63338200915FE00199B89 /* Resources */ = {
			isa = PBXResourcesBuildPhase;
			buildActionMask = 2147483647;
			files = (
				42B63348200915FF00199B89 /* LaunchScreen.storyboard in Resources */,
				42B63345200915FF00199B89 /* Assets.xcassets in Resources */,
				42B63343200915FF00199B89 /* Main.storyboard in Resources */,
				4284F76D200B36D100310049 /* ftp_commands.plist in Resources */,
			);
			runOnlyForDeploymentPostprocessing = 0;
		};
/* End PBXResourcesBuildPhase section */

/* Begin PBXSourcesBuildPhase section */
		42B63336200915FE00199B89 /* Sources */ = {
			isa = PBXSourcesBuildPhase;
			buildActionMask = 2147483647;
			files = (
				4284F76A200B36B900310049 /* FtpConnection.m in Sources */,
				4284F766200B36B900310049 /* list.m in Sources */,
				4284F769200B36B900310049 /* FtpDataConnection.m in Sources */,
				4284F76B200B36B900310049 /* NetworkController.m in Sources */,
				4284F767200B36B900310049 /* FtpServer.m in Sources */,
				4284F764200B36B900310049 /* AsyncSocket.m in Sources */,
				42B63340200915FE00199B89 /* ViewController.swift in Sources */,
				42B6333E200915FE00199B89 /* AppDelegate.swift in Sources */,
			);
			runOnlyForDeploymentPostprocessing = 0;
		};
/* End PBXSourcesBuildPhase section */

/* Begin PBXVariantGroup section */
		42B63341200915FE00199B89 /* Main.storyboard */ = {
			isa = PBXVariantGroup;
			children = (
				42B63342200915FE00199B89 /* Base */,
			);
			name = Main.storyboard;
			sourceTree = "<group>";
		};
		42B63346200915FF00199B89 /* LaunchScreen.storyboard */ = {
			isa = PBXVariantGroup;
			children = (
				42B63347200915FF00199B89 /* Base */,
			);
			name = LaunchScreen.storyboard;
			sourceTree = "<group>";
		};
/* End PBXVariantGroup section */

/* Begin XCBuildConfiguration section */
		42B6334A200915FF00199B89 /* Debug */ = {
			isa = XCBuildConfiguration;
			buildSettings = {
				ALWAYS_SEARCH_USER_PATHS = NO;
				CLANG_ANALYZER_NONNULL = YES;
				CLANG_ANALYZER_NUMBER_OBJECT_CONVERSION = YES_AGGRESSIVE;
				CLANG_CXX_LANGUAGE_STANDARD = "gnu++14";
				CLANG_CXX_LIBRARY = "libc++";
				CLANG_ENABLE_MODULES = YES;
				CLANG_ENABLE_OBJC_ARC = YES;
				CLANG_WARN_BLOCK_CAPTURE_AUTORELEASING = YES;
				CLANG_WARN_BOOL_CONVERSION = YES;
				CLANG_WARN_COMMA = YES;
				CLANG_WARN_CONSTANT_CONVERSION = YES;
				CLANG_WARN_DIRECT_OBJC_ISA_USAGE = YES_ERROR;
				CLANG_WARN_DOCUMENTATION_COMMENTS = YES;
				CLANG_WARN_EMPTY_BODY = YES;
				CLANG_WARN_ENUM_CONVERSION = YES;
				CLANG_WARN_INFINITE_RECURSION = YES;
				CLANG_WARN_INT_CONVERSION = YES;
				CLANG_WARN_NON_LITERAL_NULL_CONVERSION = YES;
				CLANG_WARN_OBJC_LITERAL_CONVERSION = YES;
				CLANG_WARN_OBJC_ROOT_CLASS = YES_ERROR;
				CLANG_WARN_RANGE_LOOP_ANALYSIS = YES;
				CLANG_WARN_STRICT_PROTOTYPES = YES;
				CLANG_WARN_SUSPICIOUS_MOVE = YES;
				CLANG_WARN_UNGUARDED_AVAILABILITY = YES_AGGRESSIVE;
				CLANG_WARN_UNREACHABLE_CODE = YES;
				CLANG_WARN__DUPLICATE_METHOD_MATCH = YES;
				CODE_SIGN_IDENTITY = "iPhone Developer";
				COPY_PHASE_STRIP = NO;
				DEBUG_INFORMATION_FORMAT = dwarf;
				ENABLE_STRICT_OBJC_MSGSEND = YES;
				ENABLE_TESTABILITY = YES;
				GCC_C_LANGUAGE_STANDARD = gnu11;
				GCC_DYNAMIC_NO_PIC = NO;
				GCC_NO_COMMON_BLOCKS = YES;
				GCC_OPTIMIZATION_LEVEL = 0;
				GCC_PREPROCESSOR_DEFINITIONS = (
					"DEBUG=1",
					"$(inherited)",
				);
				GCC_WARN_64_TO_32_BIT_CONVERSION = YES;
				GCC_WARN_ABOUT_RETURN_TYPE = YES_ERROR;
				GCC_WARN_UNDECLARED_SELECTOR = YES;
				GCC_WARN_UNINITIALIZED_AUTOS = YES_AGGRESSIVE;
				GCC_WARN_UNUSED_FUNCTION = YES;
				GCC_WARN_UNUSED_VARIABLE = YES;
				IPHONEOS_DEPLOYMENT_TARGET = 11.2;
				MTL_ENABLE_DEBUG_INFO = YES;
				ONLY_ACTIVE_ARCH = YES;
				SDKROOT = iphoneos;
				SWIFT_ACTIVE_COMPILATION_CONDITIONS = DEBUG;
				SWIFT_OPTIMIZATION_LEVEL = "-Onone";
			};
			name = Debug;
		};
		42B6334B200915FF00199B89 /* Release */ = {
			isa = XCBuildConfiguration;
			buildSettings = {
				ALWAYS_SEARCH_USER_PATHS = NO;
				CLANG_ANALYZER_NONNULL = YES;
				CLANG_ANALYZER_NUMBER_OBJECT_CONVERSION = YES_AGGRESSIVE;
				CLANG_CXX_LANGUAGE_STANDARD = "gnu++14";
				CLANG_CXX_LIBRARY = "libc++";
				CLANG_ENABLE_MODULES = YES;
				CLANG_ENABLE_OBJC_ARC = YES;
				CLANG_WARN_BLOCK_CAPTURE_AUTORELEASING = YES;
				CLANG_WARN_BOOL_CONVERSION = YES;
				CLANG_WARN_COMMA = YES;
				CLANG_WARN_CONSTANT_CONVERSION = YES;
				CLANG_WARN_DIRECT_OBJC_ISA_USAGE = YES_ERROR;
				CLANG_WARN_DOCUMENTATION_COMMENTS = YES;
				CLANG_WARN_EMPTY_BODY = YES;
				CLANG_WARN_ENUM_CONVERSION = YES;
				CLANG_WARN_INFINITE_RECURSION = YES;
				CLANG_WARN_INT_CONVERSION = YES;
				CLANG_WARN_NON_LITERAL_NULL_CONVERSION = YES;
				CLANG_WARN_OBJC_LITERAL_CONVERSION = YES;
				CLANG_WARN_OBJC_ROOT_CLASS = YES_ERROR;
				CLANG_WARN_RANGE_LOOP_ANALYSIS = YES;
				CLANG_WARN_STRICT_PROTOTYPES = YES;
				CLANG_WARN_SUSPICIOUS_MOVE = YES;
				CLANG_WARN_UNGUARDED_AVAILABILITY = YES_AGGRESSIVE;
				CLANG_WARN_UNREACHABLE_CODE = YES;
				CLANG_WARN__DUPLICATE_METHOD_MATCH = YES;
				CODE_SIGN_IDENTITY = "iPhone Developer";
				COPY_PHASE_STRIP = NO;
				DEBUG_INFORMATION_FORMAT = "dwarf-with-dsym";
				ENABLE_NS_ASSERTIONS = NO;
				ENABLE_STRICT_OBJC_MSGSEND = YES;
				GCC_C_LANGUAGE_STANDARD = gnu11;
				GCC_NO_COMMON_BLOCKS = YES;
				GCC_WARN_64_TO_32_BIT_CONVERSION = YES;
				GCC_WARN_ABOUT_RETURN_TYPE = YES_ERROR;
				GCC_WARN_UNDECLARED_SELECTOR = YES;
				GCC_WARN_UNINITIALIZED_AUTOS = YES_AGGRESSIVE;
				GCC_WARN_UNUSED_FUNCTION = YES;
				GCC_WARN_UNUSED_VARIABLE = YES;
				IPHONEOS_DEPLOYMENT_TARGET = 11.2;
				MTL_ENABLE_DEBUG_INFO = NO;
				SDKROOT = iphoneos;
				SWIFT_OPTIMIZATION_LEVEL = "-Owholemodule";
				VALIDATE_PRODUCT = YES;
			};
			name = Release;
		};
		42B6334D200915FF00199B89 /* Debug */ = {
			isa = XCBuildConfiguration;
			buildSettings = {
				ASSETCATALOG_COMPILER_APPICON_NAME = AppIcon;
				CLANG_ENABLE_MODULES = YES;
				CODE_SIGN_IDENTITY = "iPhone Developer";
				"CODE_SIGN_IDENTITY[sdk=iphoneos*]" = "iPhone Developer";
				CODE_SIGN_STYLE = Automatic;
				DEVELOPMENT_TEAM = VFL5GES3K3;
				INFOPLIST_FILE = SampleForFTPServer/Info.plist;
				LD_RUNPATH_SEARCH_PATHS = "$(inherited) @executable_path/Frameworks";
				PRODUCT_BUNDLE_IDENTIFIER = org.ryu1.ftpd.server.sample.SampleForFTPServer;
				PRODUCT_NAME = "$(TARGET_NAME)";
				PROVISIONING_PROFILE_SPECIFIER = "";
				SWIFT_OBJC_BRIDGING_HEADER = "SampleForFTPServer/SampleForFTPServer-Bridging-Header.h";
				SWIFT_OPTIMIZATION_LEVEL = "-Onone";
				SWIFT_VERSION = 4.0;
				TARGETED_DEVICE_FAMILY = "1,2";
			};
			name = Debug;
		};
		42B6334E200915FF00199B89 /* Release */ = {
			isa = XCBuildConfiguration;
			buildSettings = {
				ASSETCATALOG_COMPILER_APPICON_NAME = AppIcon;
				CLANG_ENABLE_MODULES = YES;
				CODE_SIGN_IDENTITY = "iPhone Developer";
				"CODE_SIGN_IDENTITY[sdk=iphoneos*]" = "iPhone Developer";
				CODE_SIGN_STYLE = Automatic;
				DEVELOPMENT_TEAM = VFL5GES3K3;
				INFOPLIST_FILE = SampleForFTPServer/Info.plist;
				LD_RUNPATH_SEARCH_PATHS = "$(inherited) @executable_path/Frameworks";
				PRODUCT_BUNDLE_IDENTIFIER = org.ryu1.ftpd.server.sample.SampleForFTPServer;
				PRODUCT_NAME = "$(TARGET_NAME)";
				PROVISIONING_PROFILE_SPECIFIER = "";
				SWIFT_OBJC_BRIDGING_HEADER = "SampleForFTPServer/SampleForFTPServer-Bridging-Header.h";
				SWIFT_VERSION = 4.0;
				TARGETED_DEVICE_FAMILY = "1,2";
			};
			name = Release;
		};
/* End XCBuildConfiguration section */

/* Begin XCConfigurationList section */
		42B63335200915FE00199B89 /* Build configuration list for PBXProject "SampleForFTPServer" */ = {
			isa = XCConfigurationList;
			buildConfigurations = (
				42B6334A200915FF00199B89 /* Debug */,
				42B6334B200915FF00199B89 /* Release */,
			);
			defaultConfigurationIsVisible = 0;
			defaultConfigurationName = Release;
		};
		42B6334C200915FF00199B89 /* Build configuration list for PBXNativeTarget "SampleForFTPServer" */ = {
			isa = XCConfigurationList;
			buildConfigurations = (
				42B6334D200915FF00199B89 /* Debug */,
				42B6334E200915FF00199B89 /* Release */,
			);
			defaultConfigurationIsVisible = 0;
			defaultConfigurationName = Release;
		};
/* End XCConfigurationList section */
	};
	rootObject = 42B63332200915FE00199B89 /* Project object */;
}
